
Microsoft Visual Studio Solution File, Format Version 12.00
# Visual Studio Version 17
VisualStudioVersion = 17.2.32505.173
MinimumVisualStudioVersion = 10.0.40219.1
Project("{8BC9CEB8-8B4A-11D0-8D11-00A0C91BC942}") = "HttpSender", "HttpSender\HttpSender.vcxproj", "{96084CF1-58AB-47B4-A470-06A13C552572}"
EndProject
Project("{8BC9CEB8-8B4A-11D0-8D11-00A0C91BC942}") = "TextractorTranslatorBridge", "TextractorTranslatorBridge\TextractorTranslatorBridge.vcxproj", "{FFE2ACD4-0F31-4A4A-9D50-1F9B05116112}"
EndProject
Global
	GlobalSection(SolutionConfigurationPlatforms) = preSolution
		Debug|x64 = Debug|x64
		Debug|x86 = Debug|x86
		Release|x64 = Release|x64
		Release|x86 = Release|x86
	EndGlobalSection
	GlobalSection(ProjectConfigurationPlatforms) = postSolution
		{96084CF1-58AB-47B4-A470-06A13C552572}.Debug|x64.ActiveCfg = Debug|x64
		{96084CF1-58AB-47B4-A470-06A13C552572}.Debug|x64.Build.0 = Debug|x64
		{96084CF1-58AB-47B4-A470-06A13C552572}.Debug|x86.ActiveCfg = Debug|Win32
		{96084CF1-58AB-47B4-A470-06A13C552572}.Debug|x86.Build.0 = Debug|Win32
		{96084CF1-58AB-47B4-A470-06A13C552572}.Release|x64.ActiveCfg = Release|x64
		{96084CF1-58AB-47B4-A470-06A13C552572}.Release|x64.Build.0 = Release|x64
		{96084CF1-58AB-47B4-A470-06A13C552572}.Release|x86.ActiveCfg = Release|Win32
		{96084CF1-58AB-47B4-A470-06A13C552572}.Release|x86.Build.0 = Release|Win32
		{FFE2ACD4-0F31-4A4A-9D50-1F9B05116112}.Debug|x64.ActiveCfg = Debug|x64
		{FFE2ACD4-0F31-4A4A-9D50-1F9B05116112}.Debug|x64.Build.0 = Debug|x64
		{FFE2ACD4-0F31-4A4A-9D50-1F9B05116112}.Debug|x86.ActiveCfg = Debug|Win32
		{FFE2ACD4-0F31-4A4A-9D50-1F9B05116112}.Debug|x86.Build.0 = Debug|Win32
		{FFE2ACD4-0F31-4A4A-9D50-1F9B05116112}.Release|x64.ActiveCfg = Release|x64
		{FFE2ACD4-0F31-4A4A-9D50-1F9B05116112}.Release|x64.Build.0 = Release|x64
		{FFE2ACD4-0F31-4A4A-9D50-1F9B05116112}.Release|x86.ActiveCfg = Release|Win32
		{FFE2ACD4-0F31-4A4A-9D50-1F9B05116112}.Release|x86.Build.0 = Release|Win32
	EndGlobalSection
	GlobalSection(SolutionProperties) = preSolution
		HideSolutionNode = FALSE
	EndGlobalSection
	GlobalSection(ExtensibilityGlobals) = postSolution
		SolutionGuid = {300AC5DD-5CBB-4B17-B6A6-1CE9CB2ECA4D}
	EndGlobalSection
EndGlobal
